
Microsoft Visual Studio Solution File, Format Version 12.00
# Visual Studio 15
VisualStudioVersion = 15.0.28307.489
MinimumVisualStudioVersion = 10.0.40219.1
Project("{FAE04EC0-301F-11D3-BF4B-00C04F79EFBC}") = "CrmLeadImport", "CrmLeadImport\CrmLeadImport.csproj", "{FCF15B0A-D36B-4B00-BA74-E091BBD8D224}"
EndProject
Global
	GlobalSection(SolutionConfigurationPlatforms) = preSolution
		Debug|Any CPU = Debug|Any CPU
		Release|Any CPU = Release|Any CPU
	EndGlobalSection
	GlobalSection(ProjectConfigurationPlatforms) = postSolution
		{FCF15B0A-D36B-4B00-BA74-E091BBD8D224}.Debug|Any CPU.ActiveCfg = Debug|Any CPU
		{FCF15B0A-D36B-4B00-BA74-E091BBD8D224}.Debug|Any CPU.Build.0 = Debug|Any CPU
		{FCF15B0A-D36B-4B00-BA74-E091BBD8D224}.Release|Any CPU.ActiveCfg = Release|Any CPU
		{FCF15B0A-D36B-4B00-BA74-E091BBD8D224}.Release|Any CPU.Build.0 = Release|Any CPU
	EndGlobalSection
	GlobalSection(SolutionProperties) = preSolution
		HideSolutionNode = FALSE
	EndGlobalSection
	GlobalSection(ExtensibilityGlobals) = postSolution
		SolutionGuid = {4907227E-BEDF-489E-857D-E43E8398AE2C}
	EndGlobalSection
EndGlobal
